
Microsoft Visual Studio Solution File, Format Version 12.00
# Visual Studio Version 17
VisualStudioVersion = 17.5.002.0
MinimumVisualStudioVersion = 10.0.40219.1
Project("{FAE04EC0-301F-11D3-BF4B-00C04F79EFBC}") = "App1HelloWorld", "App1HelloWorld\App1HelloWorld.csproj", "{68067E2F-0A22-4C4E-A61F-E3F087944770}"
EndProject
Project("{FAE04EC0-301F-11D3-BF4B-00C04F79EFBC}") = "App2Variables", "App2Variables\App2Variables.csproj", "{0C450C60-D7F3-4827-93CA-A99E9EA5B6D6}"
EndProject
Project("{FAE04EC0-301F-11D3-BF4B-00C04F79EFBC}") = "App3DataTypes", "App3DataTypes\App3DataTypes.csproj", "{DB005EA6-50D4-45CA-A95F-87DEE126F6F6}"
EndProject
Project("{FAE04EC0-301F-11D3-BF4B-00C04F79EFBC}") = "App4DataTypesCharAndString", "App4DataTypesCharAndString\App4DataTypesCharAndString.csproj", "{4FD78D86-4012-44B4-AD6E-2982DC51CD5B}"
EndProject
Project("{FAE04EC0-301F-11D3-BF4B-00C04F79EFBC}") = "App5CreatingClasses", "App5CreatingClasses\App5CreatingClasses.csproj", "{122BFA8F-DC5E-4F3C-AA96-6A57B97569A6}"
EndProject
Project("{FAE04EC0-301F-11D3-BF4B-00C04F79EFBC}") = "App6Conditionals", "App6Conditionals\App6Conditionals.csproj", "{5A780118-6475-415F-9A18-E289E8B96B9B}"
EndProject
Project("{FAE04EC0-301F-11D3-BF4B-00C04F79EFBC}") = "App7Loops", "App7Loops\App7Loops.csproj", "{A26EECA4-3623-49FD-B194-7DBE192D6D91}"
EndProject
Project("{FAE04EC0-301F-11D3-BF4B-00C04F79EFBC}") = "App8Break", "App8Break\App8Break.csproj", "{75E561C2-F670-4524-9428-2CEA190E826B}"
EndProject
Global
	GlobalSection(SolutionConfigurationPlatforms) = preSolution
		Debug|Any CPU = Debug|Any CPU
		Release|Any CPU = Release|Any CPU
	EndGlobalSection
	GlobalSection(ProjectConfigurationPlatforms) = postSolution
		{C62905E6-1FB1-4338-AE90-F60F7EA8E04D}.Debug|Any CPU.ActiveCfg = Debug|Any CPU
		{C62905E6-1FB1-4338-AE90-F60F7EA8E04D}.Debug|Any CPU.Build.0 = Debug|Any CPU
		{C62905E6-1FB1-4338-AE90-F60F7EA8E04D}.Release|Any CPU.ActiveCfg = Release|Any CPU
		{C62905E6-1FB1-4338-AE90-F60F7EA8E04D}.Release|Any CPU.Build.0 = Release|Any CPU
		{68067E2F-0A22-4C4E-A61F-E3F087944770}.Debug|Any CPU.ActiveCfg = Debug|Any CPU
		{68067E2F-0A22-4C4E-A61F-E3F087944770}.Debug|Any CPU.Build.0 = Debug|Any CPU
		{68067E2F-0A22-4C4E-A61F-E3F087944770}.Release|Any CPU.ActiveCfg = Release|Any CPU
		{68067E2F-0A22-4C4E-A61F-E3F087944770}.Release|Any CPU.Build.0 = Release|Any CPU
		{0C450C60-D7F3-4827-93CA-A99E9EA5B6D6}.Debug|Any CPU.ActiveCfg = Debug|Any CPU
		{0C450C60-D7F3-4827-93CA-A99E9EA5B6D6}.Debug|Any CPU.Build.0 = Debug|Any CPU
		{0C450C60-D7F3-4827-93CA-A99E9EA5B6D6}.Release|Any CPU.ActiveCfg = Release|Any CPU
		{0C450C60-D7F3-4827-93CA-A99E9EA5B6D6}.Release|Any CPU.Build.0 = Release|Any CPU
		{DB005EA6-50D4-45CA-A95F-87DEE126F6F6}.Debug|Any CPU.ActiveCfg = Debug|Any CPU
		{DB005EA6-50D4-45CA-A95F-87DEE126F6F6}.Debug|Any CPU.Build.0 = Debug|Any CPU
		{DB005EA6-50D4-45CA-A95F-87DEE126F6F6}.Release|Any CPU.ActiveCfg = Release|Any CPU
		{DB005EA6-50D4-45CA-A95F-87DEE126F6F6}.Release|Any CPU.Build.0 = Release|Any CPU
		{4FD78D86-4012-44B4-AD6E-2982DC51CD5B}.Debug|Any CPU.ActiveCfg = Debug|Any CPU
		{4FD78D86-4012-44B4-AD6E-2982DC51CD5B}.Debug|Any CPU.Build.0 = Debug|Any CPU
		{4FD78D86-4012-44B4-AD6E-2982DC51CD5B}.Release|Any CPU.ActiveCfg = Release|Any CPU
		{4FD78D86-4012-44B4-AD6E-2982DC51CD5B}.Release|Any CPU.Build.0 = Release|Any CPU
		{122BFA8F-DC5E-4F3C-AA96-6A57B97569A6}.Debug|Any CPU.ActiveCfg = Debug|Any CPU
		{122BFA8F-DC5E-4F3C-AA96-6A57B97569A6}.Debug|Any CPU.Build.0 = Debug|Any CPU
		{122BFA8F-DC5E-4F3C-AA96-6A57B97569A6}.Release|Any CPU.ActiveCfg = Release|Any CPU
		{122BFA8F-DC5E-4F3C-AA96-6A57B97569A6}.Release|Any CPU.Build.0 = Release|Any CPU
		{5A780118-6475-415F-9A18-E289E8B96B9B}.Debug|Any CPU.ActiveCfg = Debug|Any CPU
		{5A780118-6475-415F-9A18-E289E8B96B9B}.Debug|Any CPU.Build.0 = Debug|Any CPU
		{5A780118-6475-415F-9A18-E289E8B96B9B}.Release|Any CPU.ActiveCfg = Release|Any CPU
		{5A780118-6475-415F-9A18-E289E8B96B9B}.Release|Any CPU.Build.0 = Release|Any CPU
		{A26EECA4-3623-49FD-B194-7DBE192D6D91}.Debug|Any CPU.ActiveCfg = Debug|Any CPU
		{A26EECA4-3623-49FD-B194-7DBE192D6D91}.Debug|Any CPU.Build.0 = Debug|Any CPU
		{A26EECA4-3623-49FD-B194-7DBE192D6D91}.Release|Any CPU.ActiveCfg = Release|Any CPU
		{A26EECA4-3623-49FD-B194-7DBE192D6D91}.Release|Any CPU.Build.0 = Release|Any CPU
		{75E561C2-F670-4524-9428-2CEA190E826B}.Debug|Any CPU.ActiveCfg = Debug|Any CPU
		{75E561C2-F670-4524-9428-2CEA190E826B}.Debug|Any CPU.Build.0 = Debug|Any CPU
		{75E561C2-F670-4524-9428-2CEA190E826B}.Release|Any CPU.ActiveCfg = Release|Any CPU
		{75E561C2-F670-4524-9428-2CEA190E826B}.Release|Any CPU.Build.0 = Release|Any CPU
	EndGlobalSection
	GlobalSection(SolutionProperties) = preSolution
		HideSolutionNode = FALSE
	EndGlobalSection
	GlobalSection(ExtensibilityGlobals) = postSolution
		SolutionGuid = {D3A32A73-A5AF-4AA8-859C-7D9270A38432}
	EndGlobalSection
EndGlobal
